// !$*UTF8*$!
{
	archiveVersion = 1;
	classes = {
	};
	objectVersion = 48;
	objects = {

/* Begin PBXBuildFile section */
		0CA74C4AEDF7E287DE84CDAA /* Pods_Token1_1.framework in Frameworks */ = {isa = PBXBuildFile; fileRef = 804EBC5830AE76CDAF0A305E /* Pods_Token1_1.framework */; };
		2707F54820BB240C002580C6 /* LogViewController.swift in Sources */ = {isa = PBXBuildFile; fileRef = 2707F54720BB240C002580C6 /* LogViewController.swift */; };
		2707F56120BB2B78002580C6 /* IQTextView.swift in Sources */ = {isa = PBXBuildFile; fileRef = 2707F54B20BB2B78002580C6 /* IQTextView.swift */; };
		2707F56220BB2B78002580C6 /* IQPreviousNextView.swift in Sources */ = {isa = PBXBuildFile; fileRef = 2707F54D20BB2B78002580C6 /* IQPreviousNextView.swift */; };
		2707F56320BB2B78002580C6 /* IQTitleBarButtonItem.swift in Sources */ = {isa = PBXBuildFile; fileRef = 2707F54E20BB2B78002580C6 /* IQTitleBarButtonItem.swift */; };
		2707F56420BB2B78002580C6 /* IQBarButtonItem.swift in Sources */ = {isa = PBXBuildFile; fileRef = 2707F54F20BB2B78002580C6 /* IQBarButtonItem.swift */; };
		2707F56520BB2B78002580C6 /* IQToolbar.swift in Sources */ = {isa = PBXBuildFile; fileRef = 2707F55020BB2B78002580C6 /* IQToolbar.swift */; };
		2707F56620BB2B78002580C6 /* IQUIView+IQKeyboardToolbar.swift in Sources */ = {isa = PBXBuildFile; fileRef = 2707F55120BB2B78002580C6 /* IQUIView+IQKeyboardToolbar.swift */; };
		2707F56720BB2B78002580C6 /* IQInvocation.swift in Sources */ = {isa = PBXBuildFile; fileRef = 2707F55220BB2B78002580C6 /* IQInvocation.swift */; };
		2707F56820BB2B78002580C6 /* IQKeyboardManagerConstantsInternal.swift in Sources */ = {isa = PBXBuildFile; fileRef = 2707F55420BB2B78002580C6 /* IQKeyboardManagerConstantsInternal.swift */; };
		2707F56920BB2B78002580C6 /* IQKeyboardManagerConstants.swift in Sources */ = {isa = PBXBuildFile; fileRef = 2707F55520BB2B78002580C6 /* IQKeyboardManagerConstants.swift */; };
		2707F56A20BB2B78002580C6 /* IQKeyboardManager.bundle in Resources */ = {isa = PBXBuildFile; fileRef = 2707F55720BB2B78002580C6 /* IQKeyboardManager.bundle */; };
		2707F56B20BB2B78002580C6 /* IQKeyboardReturnKeyHandler.swift in Sources */ = {isa = PBXBuildFile; fileRef = 2707F55820BB2B78002580C6 /* IQKeyboardReturnKeyHandler.swift */; };
		2707F56C20BB2B78002580C6 /* IQKeyboardManager.swift in Sources */ = {isa = PBXBuildFile; fileRef = 2707F55920BB2B78002580C6 /* IQKeyboardManager.swift */; };
		2707F56D20BB2B78002580C6 /* IQUIScrollView+Additions.swift in Sources */ = {isa = PBXBuildFile; fileRef = 2707F55C20BB2B78002580C6 /* IQUIScrollView+Additions.swift */; };
		2707F56E20BB2B78002580C6 /* IQUIViewController+Additions.swift in Sources */ = {isa = PBXBuildFile; fileRef = 2707F55D20BB2B78002580C6 /* IQUIViewController+Additions.swift */; };
		2707F56F20BB2B78002580C6 /* IQUITextFieldView+Additions.swift in Sources */ = {isa = PBXBuildFile; fileRef = 2707F55E20BB2B78002580C6 /* IQUITextFieldView+Additions.swift */; };
		2707F57020BB2B78002580C6 /* IQUIView+Hierarchy.swift in Sources */ = {isa = PBXBuildFile; fileRef = 2707F55F20BB2B78002580C6 /* IQUIView+Hierarchy.swift */; };
		2707F57120BB2B78002580C6 /* IQNSArray+Sort.swift in Sources */ = {isa = PBXBuildFile; fileRef = 2707F56020BB2B78002580C6 /* IQNSArray+Sort.swift */; };
		2763A5EC20A33E7700DB4ECE /* CalendarView.swift in Sources */ = {isa = PBXBuildFile; fileRef = 2763A5EB20A33E7700DB4ECE /* CalendarView.swift */; };
		2763A5EE20A33E8E00DB4ECE /* ContentView.swift in Sources */ = {isa = PBXBuildFile; fileRef = 2763A5ED20A33E8E00DB4ECE /* ContentView.swift */; };
		2763A5F020A33E9D00DB4ECE /* MonthView.swift in Sources */ = {isa = PBXBuildFile; fileRef = 2763A5EF20A33E9D00DB4ECE /* MonthView.swift */; };
		2763A5F220A33EAC00DB4ECE /* WeekView.swift in Sources */ = {isa = PBXBuildFile; fileRef = 2763A5F120A33EAC00DB4ECE /* WeekView.swift */; };
		2763A5F420A33EB800DB4ECE /* DayView.swift in Sources */ = {isa = PBXBuildFile; fileRef = 2763A5F320A33EB800DB4ECE /* DayView.swift */; };
		2763A5F620A33EC500DB4ECE /* EasyCast.swift in Sources */ = {isa = PBXBuildFile; fileRef = 2763A5F520A33EC500DB4ECE /* EasyCast.swift */; };
		8A236B622034B82F00336BFD /* AppDelegate.swift in Sources */ = {isa = PBXBuildFile; fileRef = 8A236B612034B82F00336BFD /* AppDelegate.swift */; };
		8A236B642034B82F00336BFD /* ContainerViewController.swift in Sources */ = {isa = PBXBuildFile; fileRef = 8A236B632034B82F00336BFD /* ContainerViewController.swift */; };
		8A236B672034B82F00336BFD /* Main.storyboard in Resources */ = {isa = PBXBuildFile; fileRef = 8A236B652034B82F00336BFD /* Main.storyboard */; };
		8A236B692034B82F00336BFD /* Assets.xcassets in Resources */ = {isa = PBXBuildFile; fileRef = 8A236B682034B82F00336BFD /* Assets.xcassets */; };
		8A236B6C2034B82F00336BFD /* LaunchScreen.storyboard in Resources */ = {isa = PBXBuildFile; fileRef = 8A236B6A2034B82F00336BFD /* LaunchScreen.storyboard */; };
		8A236B772034B82F00336BFD /* Token1_1Tests.swift in Sources */ = {isa = PBXBuildFile; fileRef = 8A236B762034B82F00336BFD /* Token1_1Tests.swift */; };
		8A236B822034B82F00336BFD /* Token1_1UITests.swift in Sources */ = {isa = PBXBuildFile; fileRef = 8A236B812034B82F00336BFD /* Token1_1UITests.swift */; };
		8A236B902034B9BB00336BFD /* SideMenuViewController.swift in Sources */ = {isa = PBXBuildFile; fileRef = 8A236B8F2034B9BB00336BFD /* SideMenuViewController.swift */; };
		8A53F7042041E4810010B773 /* MainViewController.swift in Sources */ = {isa = PBXBuildFile; fileRef = 8A53F7032041E4810010B773 /* MainViewController.swift */; };
		8A53F70C204250060010B773 /* TrackerViewController.swift in Sources */ = {isa = PBXBuildFile; fileRef = 8A53F70B204250060010B773 /* TrackerViewController.swift */; };
		8A53F7102042546B0010B773 /* ForumViewController.swift in Sources */ = {isa = PBXBuildFile; fileRef = 8A53F70F2042546B0010B773 /* ForumViewController.swift */; };
/* End PBXBuildFile section */

/* Begin PBXContainerItemProxy section */
		8A236B732034B82F00336BFD /* PBXContainerItemProxy */ = {
			isa = PBXContainerItemProxy;
			containerPortal = 8A236B562034B82F00336BFD /* Project object */;
			proxyType = 1;
			remoteGlobalIDString = 8A236B5D2034B82F00336BFD;
			remoteInfo = Token1.1;
		};
		8A236B7E2034B82F00336BFD /* PBXContainerItemProxy */ = {
			isa = PBXContainerItemProxy;
			containerPortal = 8A236B562034B82F00336BFD /* Project object */;
			proxyType = 1;
			remoteGlobalIDString = 8A236B5D2034B82F00336BFD;
			remoteInfo = Token1.1;
		};
/* End PBXContainerItemProxy section */

/* Begin PBXFileReference section */
		2707F54720BB240C002580C6 /* LogViewController.swift */ = {isa = PBXFileReference; lastKnownFileType = sourcecode.swift; path = LogViewController.swift; sourceTree = "<group>"; };
		2707F54B20BB2B78002580C6 /* IQTextView.swift */ = {isa = PBXFileReference; fileEncoding = 4; lastKnownFileType = sourcecode.swift; path = IQTextView.swift; sourceTree = "<group>"; };
		2707F54D20BB2B78002580C6 /* IQPreviousNextView.swift */ = {isa = PBXFileReference; fileEncoding = 4; lastKnownFileType = sourcecode.swift; path = IQPreviousNextView.swift; sourceTree = "<group>"; };
		2707F54E20BB2B78002580C6 /* IQTitleBarButtonItem.swift */ = {isa = PBXFileReference; fileEncoding = 4; lastKnownFileType = sourcecode.swift; path = IQTitleBarButtonItem.swift; sourceTree = "<group>"; };
		2707F54F20BB2B78002580C6 /* IQBarButtonItem.swift */ = {isa = PBXFileReference; fileEncoding = 4; lastKnownFileType = sourcecode.swift; path = IQBarButtonItem.swift; sourceTree = "<group>"; };
		2707F55020BB2B78002580C6 /* IQToolbar.swift */ = {isa = PBXFileReference; fileEncoding = 4; lastKnownFileType = sourcecode.swift; path = IQToolbar.swift; sourceTree = "<group>"; };
		2707F55120BB2B78002580C6 /* IQUIView+IQKeyboardToolbar.swift */ = {isa = PBXFileReference; fileEncoding = 4; lastKnownFileType = sourcecode.swift; path = "IQUIView+IQKeyboardToolbar.swift"; sourceTree = "<group>"; };
		2707F55220BB2B78002580C6 /* IQInvocation.swift */ = {isa = PBXFileReference; fileEncoding = 4; lastKnownFileType = sourcecode.swift; path = IQInvocation.swift; sourceTree = "<group>"; };
		2707F55420BB2B78002580C6 /* IQKeyboardManagerConstantsInternal.swift */ = {isa = PBXFileReference; fileEncoding = 4; lastKnownFileType = sourcecode.swift; path = IQKeyboardManagerConstantsInternal.swift; sourceTree = "<group>"; };
		2707F55520BB2B78002580C6 /* IQKeyboardManagerConstants.swift */ = {isa = PBXFileReference; fileEncoding = 4; lastKnownFileType = sourcecode.swift; path = IQKeyboardManagerConstants.swift; sourceTree = "<group>"; };
		2707F55720BB2B78002580C6 /* IQKeyboardManager.bundle */ = {isa = PBXFileReference; lastKnownFileType = "wrapper.plug-in"; path = IQKeyboardManager.bundle; sourceTree = "<group>"; };
		2707F55820BB2B78002580C6 /* IQKeyboardReturnKeyHandler.swift */ = {isa = PBXFileReference; fileEncoding = 4; lastKnownFileType = sourcecode.swift; path = IQKeyboardReturnKeyHandler.swift; sourceTree = "<group>"; };
		2707F55920BB2B78002580C6 /* IQKeyboardManager.swift */ = {isa = PBXFileReference; fileEncoding = 4; lastKnownFileType = sourcecode.swift; path = IQKeyboardManager.swift; sourceTree = "<group>"; };
		2707F55A20BB2B78002580C6 /* IQKeyboardManagerSwift.h */ = {isa = PBXFileReference; fileEncoding = 4; lastKnownFileType = sourcecode.c.h; path = IQKeyboardManagerSwift.h; sourceTree = "<group>"; };
		2707F55C20BB2B78002580C6 /* IQUIScrollView+Additions.swift */ = {isa = PBXFileReference; fileEncoding = 4; lastKnownFileType = sourcecode.swift; path = "IQUIScrollView+Additions.swift"; sourceTree = "<group>"; };
		2707F55D20BB2B78002580C6 /* IQUIViewController+Additions.swift */ = {isa = PBXFileReference; fileEncoding = 4; lastKnownFileType = sourcecode.swift; path = "IQUIViewController+Additions.swift"; sourceTree = "<group>"; };
		2707F55E20BB2B78002580C6 /* IQUITextFieldView+Additions.swift */ = {isa = PBXFileReference; fileEncoding = 4; lastKnownFileType = sourcecode.swift; path = "IQUITextFieldView+Additions.swift"; sourceTree = "<group>"; };
		2707F55F20BB2B78002580C6 /* IQUIView+Hierarchy.swift */ = {isa = PBXFileReference; fileEncoding = 4; lastKnownFileType = sourcecode.swift; path = "IQUIView+Hierarchy.swift"; sourceTree = "<group>"; };
		2707F56020BB2B78002580C6 /* IQNSArray+Sort.swift */ = {isa = PBXFileReference; fileEncoding = 4; lastKnownFileType = sourcecode.swift; path = "IQNSArray+Sort.swift"; sourceTree = "<group>"; };
		2763A5EB20A33E7700DB4ECE /* CalendarView.swift */ = {isa = PBXFileReference; lastKnownFileType = sourcecode.swift; path = CalendarView.swift; sourceTree = "<group>"; };
		2763A5ED20A33E8E00DB4ECE /* ContentView.swift */ = {isa = PBXFileReference; lastKnownFileType = sourcecode.swift; path = ContentView.swift; sourceTree = "<group>"; };
		2763A5EF20A33E9D00DB4ECE /* MonthView.swift */ = {isa = PBXFileReference; lastKnownFileType = sourcecode.swift; path = MonthView.swift; sourceTree = "<group>"; };
		2763A5F120A33EAC00DB4ECE /* WeekView.swift */ = {isa = PBXFileReference; lastKnownFileType = sourcecode.swift; path = WeekView.swift; sourceTree = "<group>"; };
		2763A5F320A33EB800DB4ECE /* DayView.swift */ = {isa = PBXFileReference; lastKnownFileType = sourcecode.swift; path = DayView.swift; sourceTree = "<group>"; };
		2763A5F520A33EC500DB4ECE /* EasyCast.swift */ = {isa = PBXFileReference; lastKnownFileType = sourcecode.swift; path = EasyCast.swift; sourceTree = "<group>"; };
		485780EA4A4189518EFC0132 /* Pods-Token1.1.debug.xcconfig */ = {isa = PBXFileReference; includeInIndex = 1; lastKnownFileType = text.xcconfig; name = "Pods-Token1.1.debug.xcconfig"; path = "Pods/Target Support Files/Pods-Token1.1/Pods-Token1.1.debug.xcconfig"; sourceTree = "<group>"; };
		804EBC5830AE76CDAF0A305E /* Pods_Token1_1.framework */ = {isa = PBXFileReference; explicitFileType = wrapper.framework; includeInIndex = 0; path = Pods_Token1_1.framework; sourceTree = BUILT_PRODUCTS_DIR; };
		8A236B5E2034B82F00336BFD /* Token1.1.app */ = {isa = PBXFileReference; explicitFileType = wrapper.application; includeInIndex = 0; path = Token1.1.app; sourceTree = BUILT_PRODUCTS_DIR; };
		8A236B612034B82F00336BFD /* AppDelegate.swift */ = {isa = PBXFileReference; lastKnownFileType = sourcecode.swift; path = AppDelegate.swift; sourceTree = "<group>"; };
		8A236B632034B82F00336BFD /* ContainerViewController.swift */ = {isa = PBXFileReference; lastKnownFileType = sourcecode.swift; path = ContainerViewController.swift; sourceTree = "<group>"; };
		8A236B662034B82F00336BFD /* Base */ = {isa = PBXFileReference; lastKnownFileType = file.storyboard; name = Base; path = Base.lproj/Main.storyboard; sourceTree = "<group>"; };
		8A236B682034B82F00336BFD /* Assets.xcassets */ = {isa = PBXFileReference; lastKnownFileType = folder.assetcatalog; path = Assets.xcassets; sourceTree = "<group>"; };
		8A236B6B2034B82F00336BFD /* Base */ = {isa = PBXFileReference; lastKnownFileType = file.storyboard; name = Base; path = Base.lproj/LaunchScreen.storyboard; sourceTree = "<group>"; };
		8A236B6D2034B82F00336BFD /* Info.plist */ = {isa = PBXFileReference; lastKnownFileType = text.plist.xml; path = Info.plist; sourceTree = "<group>"; };
		8A236B722034B82F00336BFD /* Token1.1Tests.xctest */ = {isa = PBXFileReference; explicitFileType = wrapper.cfbundle; includeInIndex = 0; path = Token1.1Tests.xctest; sourceTree = BUILT_PRODUCTS_DIR; };
		8A236B762034B82F00336BFD /* Token1_1Tests.swift */ = {isa = PBXFileReference; lastKnownFileType = sourcecode.swift; path = Token1_1Tests.swift; sourceTree = "<group>"; };
		8A236B782034B82F00336BFD /* Info.plist */ = {isa = PBXFileReference; lastKnownFileType = text.plist.xml; path = Info.plist; sourceTree = "<group>"; };
		8A236B7D2034B82F00336BFD /* Token1.1UITests.xctest */ = {isa = PBXFileReference; explicitFileType = wrapper.cfbundle; includeInIndex = 0; path = Token1.1UITests.xctest; sourceTree = BUILT_PRODUCTS_DIR; };
		8A236B812034B82F00336BFD /* Token1_1UITests.swift */ = {isa = PBXFileReference; lastKnownFileType = sourcecode.swift; path = Token1_1UITests.swift; sourceTree = "<group>"; };
		8A236B832034B82F00336BFD /* Info.plist */ = {isa = PBXFileReference; lastKnownFileType = text.plist.xml; path = Info.plist; sourceTree = "<group>"; };
		8A236B8F2034B9BB00336BFD /* SideMenuViewController.swift */ = {isa = PBXFileReference; lastKnownFileType = sourcecode.swift; path = SideMenuViewController.swift; sourceTree = "<group>"; };
		8A53F7032041E4810010B773 /* MainViewController.swift */ = {isa = PBXFileReference; lastKnownFileType = sourcecode.swift; path = MainViewController.swift; sourceTree = "<group>"; };
		8A53F70B204250060010B773 /* TrackerViewController.swift */ = {isa = PBXFileReference; lastKnownFileType = sourcecode.swift; path = TrackerViewController.swift; sourceTree = "<group>"; };
		8A53F70F2042546B0010B773 /* ForumViewController.swift */ = {isa = PBXFileReference; lastKnownFileType = sourcecode.swift; path = ForumViewController.swift; sourceTree = "<group>"; };
		FF1AC8C7A8EC7D2B743ACFF8 /* Pods-Token1.1.release.xcconfig */ = {isa = PBXFileReference; includeInIndex = 1; lastKnownFileType = text.xcconfig; name = "Pods-Token1.1.release.xcconfig"; path = "Pods/Target Support Files/Pods-Token1.1/Pods-Token1.1.release.xcconfig"; sourceTree = "<group>"; };
/* End PBXFileReference section */

/* Begin PBXFrameworksBuildPhase section */
		8A236B5B2034B82F00336BFD /* Frameworks */ = {
			isa = PBXFrameworksBuildPhase;
			buildActionMask = 2147483647;
			files = (
				0CA74C4AEDF7E287DE84CDAA /* Pods_Token1_1.framework in Frameworks */,
			);
			runOnlyForDeploymentPostprocessing = 0;
		};
		8A236B6F2034B82F00336BFD /* Frameworks */ = {
			isa = PBXFrameworksBuildPhase;
			buildActionMask = 2147483647;
			files = (
			);
			runOnlyForDeploymentPostprocessing = 0;
		};
		8A236B7A2034B82F00336BFD /* Frameworks */ = {
			isa = PBXFrameworksBuildPhase;
			buildActionMask = 2147483647;
			files = (
			);
			runOnlyForDeploymentPostprocessing = 0;
		};
/* End PBXFrameworksBuildPhase section */

/* Begin PBXGroup section */
		2707F54920BB2B78002580C6 /* IQKeyboardManagerSwift */ = {
			isa = PBXGroup;
			children = (
				2707F54A20BB2B78002580C6 /* IQTextView */,
				2707F54C20BB2B78002580C6 /* IQToolbar */,
				2707F55320BB2B78002580C6 /* Constants */,
				2707F55620BB2B78002580C6 /* Resources */,
				2707F55820BB2B78002580C6 /* IQKeyboardReturnKeyHandler.swift */,
				2707F55920BB2B78002580C6 /* IQKeyboardManager.swift */,
				2707F55A20BB2B78002580C6 /* IQKeyboardManagerSwift.h */,
				2707F55B20BB2B78002580C6 /* Categories */,
			);
			path = IQKeyboardManagerSwift;
			sourceTree = "<group>";
		};
		2707F54A20BB2B78002580C6 /* IQTextView */ = {
			isa = PBXGroup;
			children = (
				2707F54B20BB2B78002580C6 /* IQTextView.swift */,
			);
			path = IQTextView;
			sourceTree = "<group>";
		};
		2707F54C20BB2B78002580C6 /* IQToolbar */ = {
			isa = PBXGroup;
			children = (
				2707F54D20BB2B78002580C6 /* IQPreviousNextView.swift */,
				2707F54E20BB2B78002580C6 /* IQTitleBarButtonItem.swift */,
				2707F54F20BB2B78002580C6 /* IQBarButtonItem.swift */,
				2707F55020BB2B78002580C6 /* IQToolbar.swift */,
				2707F55120BB2B78002580C6 /* IQUIView+IQKeyboardToolbar.swift */,
				2707F55220BB2B78002580C6 /* IQInvocation.swift */,
			);
			path = IQToolbar;
			sourceTree = "<group>";
		};
		2707F55320BB2B78002580C6 /* Constants */ = {
			isa = PBXGroup;
			children = (
				2707F55420BB2B78002580C6 /* IQKeyboardManagerConstantsInternal.swift */,
				2707F55520BB2B78002580C6 /* IQKeyboardManagerConstants.swift */,
			);
			path = Constants;
			sourceTree = "<group>";
		};
		2707F55620BB2B78002580C6 /* Resources */ = {
			isa = PBXGroup;
			children = (
				2707F55720BB2B78002580C6 /* IQKeyboardManager.bundle */,
			);
			path = Resources;
			sourceTree = "<group>";
		};
		2707F55B20BB2B78002580C6 /* Categories */ = {
			isa = PBXGroup;
			children = (
				2707F55C20BB2B78002580C6 /* IQUIScrollView+Additions.swift */,
				2707F55D20BB2B78002580C6 /* IQUIViewController+Additions.swift */,
				2707F55E20BB2B78002580C6 /* IQUITextFieldView+Additions.swift */,
				2707F55F20BB2B78002580C6 /* IQUIView+Hierarchy.swift */,
				2707F56020BB2B78002580C6 /* IQNSArray+Sort.swift */,
			);
			path = Categories;
			sourceTree = "<group>";
		};
		27159C5420728B5000CC6032 /* Forums */ = {
			isa = PBXGroup;
			children = (
				8A53F70F2042546B0010B773 /* ForumViewController.swift */,
			);
			path = Forums;
			sourceTree = "<group>";
		};
		27159C5520728BDA00CC6032 /* Main Screen */ = {
			isa = PBXGroup;
			children = (
				8A236B632034B82F00336BFD /* ContainerViewController.swift */,
				8A53F7032041E4810010B773 /* MainViewController.swift */,
				8A236B8F2034B9BB00336BFD /* SideMenuViewController.swift */,
			);
			path = "Main Screen";
			sourceTree = "<group>";
		};
		2763A5EA20A3245700DB4ECE /* CalendarView, Edited */ = {
			isa = PBXGroup;
			children = (
				2763A5EB20A33E7700DB4ECE /* CalendarView.swift */,
				2763A5ED20A33E8E00DB4ECE /* ContentView.swift */,
				2763A5EF20A33E9D00DB4ECE /* MonthView.swift */,
				2763A5F120A33EAC00DB4ECE /* WeekView.swift */,
				2763A5F320A33EB800DB4ECE /* DayView.swift */,
				2763A5F520A33EC500DB4ECE /* EasyCast.swift */,
			);
			name = "CalendarView, Edited";
			sourceTree = "<group>";
		};
		4BC6EE83BDA84C5B4F415A5D /* Frameworks */ = {
			isa = PBXGroup;
			children = (
				804EBC5830AE76CDAF0A305E /* Pods_Token1_1.framework */,
			);
			name = Frameworks;
			sourceTree = "<group>";
		};
		8A236B552034B82F00336BFD = {
			isa = PBXGroup;
			children = (
				8A236B602034B82F00336BFD /* Token1.1 */,
				8A236B752034B82F00336BFD /* Token1.1Tests */,
				8A236B802034B82F00336BFD /* Token1.1UITests */,
				8A236B5F2034B82F00336BFD /* Products */,
				F3FE1373A4DE399A7C4DFE4A /* Pods */,
				4BC6EE83BDA84C5B4F415A5D /* Frameworks */,
			);
			sourceTree = "<group>";
		};
		8A236B5F2034B82F00336BFD /* Products */ = {
			isa = PBXGroup;
			children = (
				8A236B5E2034B82F00336BFD /* Token1.1.app */,
				8A236B722034B82F00336BFD /* Token1.1Tests.xctest */,
				8A236B7D2034B82F00336BFD /* Token1.1UITests.xctest */,
			);
			name = Products;
			sourceTree = "<group>";
		};
		8A236B602034B82F00336BFD /* Token1.1 */ = {
			isa = PBXGroup;
			children = (
				2707F54920BB2B78002580C6 /* IQKeyboardManagerSwift */,
				2763A5EA20A3245700DB4ECE /* CalendarView, Edited */,
				8A236B652034B82F00336BFD /* Main.storyboard */,
				2707F54720BB240C002580C6 /* LogViewController.swift */,
				8A236B612034B82F00336BFD /* AppDelegate.swift */,
				8A53F70B204250060010B773 /* TrackerViewController.swift */,
				27159C5520728BDA00CC6032 /* Main Screen */,
				27159C5420728B5000CC6032 /* Forums */,
				8A236B682034B82F00336BFD /* Assets.xcassets */,
				8A236B6A2034B82F00336BFD /* LaunchScreen.storyboard */,
				8A236B6D2034B82F00336BFD /* Info.plist */,
			);
			path = Token1.1;
			sourceTree = "<group>";
		};
		8A236B752034B82F00336BFD /* Token1.1Tests */ = {
			isa = PBXGroup;
			children = (
				8A236B762034B82F00336BFD /* Token1_1Tests.swift */,
				8A236B782034B82F00336BFD /* Info.plist */,
			);
			path = Token1.1Tests;
			sourceTree = "<group>";
		};
		8A236B802034B82F00336BFD /* Token1.1UITests */ = {
			isa = PBXGroup;
			children = (
				8A236B812034B82F00336BFD /* Token1_1UITests.swift */,
				8A236B832034B82F00336BFD /* Info.plist */,
			);
			path = Token1.1UITests;
			sourceTree = "<group>";
		};
		F3FE1373A4DE399A7C4DFE4A /* Pods */ = {
			isa = PBXGroup;
			children = (
				485780EA4A4189518EFC0132 /* Pods-Token1.1.debug.xcconfig */,
				FF1AC8C7A8EC7D2B743ACFF8 /* Pods-Token1.1.release.xcconfig */,
			);
			name = Pods;
			sourceTree = "<group>";
		};
/* End PBXGroup section */

/* Begin PBXNativeTarget section */
		8A236B5D2034B82F00336BFD /* Token1.1 */ = {
			isa = PBXNativeTarget;
			buildConfigurationList = 8A236B862034B82F00336BFD /* Build configuration list for PBXNativeTarget "Token1.1" */;
			buildPhases = (
				7CA5675AA9A7BD522F45CE49 /* [CP] Check Pods Manifest.lock */,
				8A236B5A2034B82F00336BFD /* Sources */,
				8A236B5B2034B82F00336BFD /* Frameworks */,
				8A236B5C2034B82F00336BFD /* Resources */,
				CE58D194BFDBD40934D00BEA /* [CP] Embed Pods Frameworks */,
				A2C5712F700B1ED2D9B59C0D /* [CP] Copy Pods Resources */,
			);
			buildRules = (
			);
			dependencies = (
			);
			name = Token1.1;
			productName = Token1.1;
			productReference = 8A236B5E2034B82F00336BFD /* Token1.1.app */;
			productType = "com.apple.product-type.application";
		};
		8A236B712034B82F00336BFD /* Token1.1Tests */ = {
			isa = PBXNativeTarget;
			buildConfigurationList = 8A236B892034B82F00336BFD /* Build configuration list for PBXNativeTarget "Token1.1Tests" */;
			buildPhases = (
				8A236B6E2034B82F00336BFD /* Sources */,
				8A236B6F2034B82F00336BFD /* Frameworks */,
				8A236B702034B82F00336BFD /* Resources */,
			);
			buildRules = (
			);
			dependencies = (
				8A236B742034B82F00336BFD /* PBXTargetDependency */,
			);
			name = Token1.1Tests;
			productName = Token1.1Tests;
			productReference = 8A236B722034B82F00336BFD /* Token1.1Tests.xctest */;
			productType = "com.apple.product-type.bundle.unit-test";
		};
		8A236B7C2034B82F00336BFD /* Token1.1UITests */ = {
			isa = PBXNativeTarget;
			buildConfigurationList = 8A236B8C2034B82F00336BFD /* Build configuration list for PBXNativeTarget "Token1.1UITests" */;
			buildPhases = (
				8A236B792034B82F00336BFD /* Sources */,
				8A236B7A2034B82F00336BFD /* Frameworks */,
				8A236B7B2034B82F00336BFD /* Resources */,
			);
			buildRules = (
			);
			dependencies = (
				8A236B7F2034B82F00336BFD /* PBXTargetDependency */,
			);
			name = Token1.1UITests;
			productName = Token1.1UITests;
			productReference = 8A236B7D2034B82F00336BFD /* Token1.1UITests.xctest */;
			productType = "com.apple.product-type.bundle.ui-testing";
		};
/* End PBXNativeTarget section */

/* Begin PBXProject section */
		8A236B562034B82F00336BFD /* Project object */ = {
			isa = PBXProject;
			attributes = {
				LastSwiftUpdateCheck = 0910;
				LastUpgradeCheck = 0910;
				ORGANIZATIONNAME = Isabel;
				TargetAttributes = {
					8A236B5D2034B82F00336BFD = {
						CreatedOnToolsVersion = 9.1;
						ProvisioningStyle = Automatic;
					};
					8A236B712034B82F00336BFD = {
						CreatedOnToolsVersion = 9.1;
						ProvisioningStyle = Automatic;
						TestTargetID = 8A236B5D2034B82F00336BFD;
					};
					8A236B7C2034B82F00336BFD = {
						CreatedOnToolsVersion = 9.1;
						ProvisioningStyle = Automatic;
						TestTargetID = 8A236B5D2034B82F00336BFD;
					};
				};
			};
			buildConfigurationList = 8A236B592034B82F00336BFD /* Build configuration list for PBXProject "Token1.1" */;
			compatibilityVersion = "Xcode 8.0";
			developmentRegion = en;
			hasScannedForEncodings = 0;
			knownRegions = (
				en,
				Base,
			);
			mainGroup = 8A236B552034B82F00336BFD;
			productRefGroup = 8A236B5F2034B82F00336BFD /* Products */;
			projectDirPath = "";
			projectRoot = "";
			targets = (
				8A236B5D2034B82F00336BFD /* Token1.1 */,
				8A236B712034B82F00336BFD /* Token1.1Tests */,
				8A236B7C2034B82F00336BFD /* Token1.1UITests */,
			);
		};
/* End PBXProject section */

/* Begin PBXResourcesBuildPhase section */
		8A236B5C2034B82F00336BFD /* Resources */ = {
			isa = PBXResourcesBuildPhase;
			buildActionMask = 2147483647;
			files = (
				8A236B6C2034B82F00336BFD /* LaunchScreen.storyboard in Resources */,
				8A236B692034B82F00336BFD /* Assets.xcassets in Resources */,
				2707F56A20BB2B78002580C6 /* IQKeyboardManager.bundle in Resources */,
				8A236B672034B82F00336BFD /* Main.storyboard in Resources */,
			);
			runOnlyForDeploymentPostprocessing = 0;
		};
		8A236B702034B82F00336BFD /* Resources */ = {
			isa = PBXResourcesBuildPhase;
			buildActionMask = 2147483647;
			files = (
			);
			runOnlyForDeploymentPostprocessing = 0;
		};
		8A236B7B2034B82F00336BFD /* Resources */ = {
			isa = PBXResourcesBuildPhase;
			buildActionMask = 2147483647;
			files = (
			);
			runOnlyForDeploymentPostprocessing = 0;
		};
/* End PBXResourcesBuildPhase section */

/* Begin PBXShellScriptBuildPhase section */
		7CA5675AA9A7BD522F45CE49 /* [CP] Check Pods Manifest.lock */ = {
			isa = PBXShellScriptBuildPhase;
			buildActionMask = 2147483647;
			files = (
			);
			inputPaths = (
				"${PODS_PODFILE_DIR_PATH}/Podfile.lock",
				"${PODS_ROOT}/Manifest.lock",
			);
			name = "[CP] Check Pods Manifest.lock";
			outputPaths = (
				"$(DERIVED_FILE_DIR)/Pods-Token1.1-checkManifestLockResult.txt",
			);
			runOnlyForDeploymentPostprocessing = 0;
			shellPath = /bin/sh;
			shellScript = "diff \"${PODS_PODFILE_DIR_PATH}/Podfile.lock\" \"${PODS_ROOT}/Manifest.lock\" > /dev/null\nif [ $? != 0 ] ; then\n    # print error to STDERR\n    echo \"error: The sandbox is not in sync with the Podfile.lock. Run 'pod install' or update your CocoaPods installation.\" >&2\n    exit 1\nfi\n# This output is used by Xcode 'outputs' to avoid re-running this script phase.\necho \"SUCCESS\" > \"${SCRIPT_OUTPUT_FILE_0}\"\n";
			showEnvVarsInLog = 0;
		};
		A2C5712F700B1ED2D9B59C0D /* [CP] Copy Pods Resources */ = {
			isa = PBXShellScriptBuildPhase;
			buildActionMask = 2147483647;
			files = (
			);
			inputPaths = (
			);
			name = "[CP] Copy Pods Resources";
			outputPaths = (
			);
			runOnlyForDeploymentPostprocessing = 0;
			shellPath = /bin/sh;
			shellScript = "\"${SRCROOT}/Pods/Target Support Files/Pods-Token1.1/Pods-Token1.1-resources.sh\"\n";
			showEnvVarsInLog = 0;
		};
		CE58D194BFDBD40934D00BEA /* [CP] Embed Pods Frameworks */ = {
			isa = PBXShellScriptBuildPhase;
			buildActionMask = 2147483647;
			files = (
			);
			inputPaths = (
				"${SRCROOT}/Pods/Target Support Files/Pods-Token1.1/Pods-Token1.1-frameworks.sh",
				"${BUILT_PRODUCTS_DIR}/GTMSessionFetcher/GTMSessionFetcher.framework",
				"${BUILT_PRODUCTS_DIR}/GoogleToolboxForMac/GoogleToolboxForMac.framework",
				"${BUILT_PRODUCTS_DIR}/SwiftMoment/SwiftMoment.framework",
				"${BUILT_PRODUCTS_DIR}/leveldb-library/leveldb.framework",
				"${BUILT_PRODUCTS_DIR}/nanopb/nanopb.framework",
			);
			name = "[CP] Embed Pods Frameworks";
			outputPaths = (
				"${TARGET_BUILD_DIR}/${FRAMEWORKS_FOLDER_PATH}/GTMSessionFetcher.framework",
				"${TARGET_BUILD_DIR}/${FRAMEWORKS_FOLDER_PATH}/GoogleToolboxForMac.framework",
				"${TARGET_BUILD_DIR}/${FRAMEWORKS_FOLDER_PATH}/SwiftMoment.framework",
				"${TARGET_BUILD_DIR}/${FRAMEWORKS_FOLDER_PATH}/leveldb.framework",
				"${TARGET_BUILD_DIR}/${FRAMEWORKS_FOLDER_PATH}/nanopb.framework",
			);
			runOnlyForDeploymentPostprocessing = 0;
			shellPath = /bin/sh;
			shellScript = "\"${SRCROOT}/Pods/Target Support Files/Pods-Token1.1/Pods-Token1.1-frameworks.sh\"\n";
			showEnvVarsInLog = 0;
		};
/* End PBXShellScriptBuildPhase section */

/* Begin PBXSourcesBuildPhase section */
		8A236B5A2034B82F00336BFD /* Sources */ = {
			isa = PBXSourcesBuildPhase;
			buildActionMask = 2147483647;
			files = (
				2707F56C20BB2B78002580C6 /* IQKeyboardManager.swift in Sources */,
				8A53F70C204250060010B773 /* TrackerViewController.swift in Sources */,
				2707F56320BB2B78002580C6 /* IQTitleBarButtonItem.swift in Sources */,
				2763A5F420A33EB800DB4ECE /* DayView.swift in Sources */,
				2707F57020BB2B78002580C6 /* IQUIView+Hierarchy.swift in Sources */,
				2707F56420BB2B78002580C6 /* IQBarButtonItem.swift in Sources */,
				2763A5EC20A33E7700DB4ECE /* CalendarView.swift in Sources */,
				2707F56E20BB2B78002580C6 /* IQUIViewController+Additions.swift in Sources */,
				2707F54820BB240C002580C6 /* LogViewController.swift in Sources */,
				2763A5EE20A33E8E00DB4ECE /* ContentView.swift in Sources */,
				8A236B642034B82F00336BFD /* ContainerViewController.swift in Sources */,
				2707F56820BB2B78002580C6 /* IQKeyboardManagerConstantsInternal.swift in Sources */,
				2707F56B20BB2B78002580C6 /* IQKeyboardReturnKeyHandler.swift in Sources */,
				2707F56620BB2B78002580C6 /* IQUIView+IQKeyboardToolbar.swift in Sources */,
				2707F56720BB2B78002580C6 /* IQInvocation.swift in Sources */,
				8A53F7102042546B0010B773 /* ForumViewController.swift in Sources */,
				2707F56920BB2B78002580C6 /* IQKeyboardManagerConstants.swift in Sources */,
				2763A5F620A33EC500DB4ECE /* EasyCast.swift in Sources */,
				2707F57120BB2B78002580C6 /* IQNSArray+Sort.swift in Sources */,
				8A53F7042041E4810010B773 /* MainViewController.swift in Sources */,
				2763A5F220A33EAC00DB4ECE /* WeekView.swift in Sources */,
				2707F56D20BB2B78002580C6 /* IQUIScrollView+Additions.swift in Sources */,
				8A236B622034B82F00336BFD /* AppDelegate.swift in Sources */,
				2707F56220BB2B78002580C6 /* IQPreviousNextView.swift in Sources */,
				2763A5F020A33E9D00DB4ECE /* MonthView.swift in Sources */,
				2707F56F20BB2B78002580C6 /* IQUITextFieldView+Additions.swift in Sources */,
				8A236B902034B9BB00336BFD /* SideMenuViewController.swift in Sources */,
				2707F56120BB2B78002580C6 /* IQTextView.swift in Sources */,
				2707F56520BB2B78002580C6 /* IQToolbar.swift in Sources */,
			);
			runOnlyForDeploymentPostprocessing = 0;
		};
		8A236B6E2034B82F00336BFD /* Sources */ = {
			isa = PBXSourcesBuildPhase;
			buildActionMask = 2147483647;
			files = (
				8A236B772034B82F00336BFD /* Token1_1Tests.swift in Sources */,
			);
			runOnlyForDeploymentPostprocessing = 0;
		};
		8A236B792034B82F00336BFD /* Sources */ = {
			isa = PBXSourcesBuildPhase;
			buildActionMask = 2147483647;
			files = (
				8A236B822034B82F00336BFD /* Token1_1UITests.swift in Sources */,
			);
			runOnlyForDeploymentPostprocessing = 0;
		};
/* End PBXSourcesBuildPhase section */

/* Begin PBXTargetDependency section */
		8A236B742034B82F00336BFD /* PBXTargetDependency */ = {
			isa = PBXTargetDependency;
			target = 8A236B5D2034B82F00336BFD /* Token1.1 */;
			targetProxy = 8A236B732034B82F00336BFD /* PBXContainerItemProxy */;
		};
		8A236B7F2034B82F00336BFD /* PBXTargetDependency */ = {
			isa = PBXTargetDependency;
			target = 8A236B5D2034B82F00336BFD /* Token1.1 */;
			targetProxy = 8A236B7E2034B82F00336BFD /* PBXContainerItemProxy */;
		};
/* End PBXTargetDependency section */

/* Begin PBXVariantGroup section */
		8A236B652034B82F00336BFD /* Main.storyboard */ = {
			isa = PBXVariantGroup;
			children = (
				8A236B662034B82F00336BFD /* Base */,
			);
			name = Main.storyboard;
			sourceTree = "<group>";
		};
		8A236B6A2034B82F00336BFD /* LaunchScreen.storyboard */ = {
			isa = PBXVariantGroup;
			children = (
				8A236B6B2034B82F00336BFD /* Base */,
			);
			name = LaunchScreen.storyboard;
			sourceTree = "<group>";
		};
/* End PBXVariantGroup section */

/* Begin XCBuildConfiguration section */
		8A236B842034B82F00336BFD /* Debug */ = {
			isa = XCBuildConfiguration;
			buildSettings = {
				ALWAYS_SEARCH_USER_PATHS = NO;
				CLANG_ANALYZER_NONNULL = YES;
				CLANG_ANALYZER_NUMBER_OBJECT_CONVERSION = YES_AGGRESSIVE;
				CLANG_CXX_LANGUAGE_STANDARD = "gnu++14";
				CLANG_CXX_LIBRARY = "libc++";
				CLANG_ENABLE_MODULES = YES;
				CLANG_ENABLE_OBJC_ARC = YES;
				CLANG_WARN_BLOCK_CAPTURE_AUTORELEASING = YES;
				CLANG_WARN_BOOL_CONVERSION = YES;
				CLANG_WARN_COMMA = YES;
				CLANG_WARN_CONSTANT_CONVERSION = YES;
				CLANG_WARN_DIRECT_OBJC_ISA_USAGE = YES_ERROR;
				CLANG_WARN_DOCUMENTATION_COMMENTS = YES;
				CLANG_WARN_EMPTY_BODY = YES;
				CLANG_WARN_ENUM_CONVERSION = YES;
				CLANG_WARN_INFINITE_RECURSION = YES;
				CLANG_WARN_INT_CONVERSION = YES;
				CLANG_WARN_NON_LITERAL_NULL_CONVERSION = YES;
				CLANG_WARN_OBJC_LITERAL_CONVERSION = YES;
				CLANG_WARN_OBJC_ROOT_CLASS = YES_ERROR;
				CLANG_WARN_RANGE_LOOP_ANALYSIS = YES;
				CLANG_WARN_STRICT_PROTOTYPES = YES;
				CLANG_WARN_SUSPICIOUS_MOVE = YES;
				CLANG_WARN_UNGUARDED_AVAILABILITY = YES_AGGRESSIVE;
				CLANG_WARN_UNREACHABLE_CODE = YES;
				CLANG_WARN__DUPLICATE_METHOD_MATCH = YES;
				CODE_SIGN_IDENTITY = "iPhone Developer";
				COPY_PHASE_STRIP = NO;
				DEBUG_INFORMATION_FORMAT = dwarf;
				ENABLE_STRICT_OBJC_MSGSEND = YES;
				ENABLE_TESTABILITY = YES;
				GCC_C_LANGUAGE_STANDARD = gnu11;
				GCC_DYNAMIC_NO_PIC = NO;
				GCC_NO_COMMON_BLOCKS = YES;
				GCC_OPTIMIZATION_LEVEL = 0;
				GCC_PREPROCESSOR_DEFINITIONS = (
					"DEBUG=1",
					"$(inherited)",
				);
				GCC_WARN_64_TO_32_BIT_CONVERSION = YES;
				GCC_WARN_ABOUT_RETURN_TYPE = YES_ERROR;
				GCC_WARN_UNDECLARED_SELECTOR = YES;
				GCC_WARN_UNINITIALIZED_AUTOS = YES_AGGRESSIVE;
				GCC_WARN_UNUSED_FUNCTION = YES;
				GCC_WARN_UNUSED_VARIABLE = YES;
				IPHONEOS_DEPLOYMENT_TARGET = 11.1;
				MTL_ENABLE_DEBUG_INFO = YES;
				ONLY_ACTIVE_ARCH = YES;
				SDKROOT = iphoneos;
				SWIFT_ACTIVE_COMPILATION_CONDITIONS = DEBUG;
				SWIFT_OPTIMIZATION_LEVEL = "-Onone";
			};
			name = Debug;
		};
		8A236B852034B82F00336BFD /* Release */ = {
			isa = XCBuildConfiguration;
			buildSettings = {
				ALWAYS_SEARCH_USER_PATHS = NO;
				CLANG_ANALYZER_NONNULL = YES;
				CLANG_ANALYZER_NUMBER_OBJECT_CONVERSION = YES_AGGRESSIVE;
				CLANG_CXX_LANGUAGE_STANDARD = "gnu++14";
				CLANG_CXX_LIBRARY = "libc++";
				CLANG_ENABLE_MODULES = YES;
				CLANG_ENABLE_OBJC_ARC = YES;
				CLANG_WARN_BLOCK_CAPTURE_AUTORELEASING = YES;
				CLANG_WARN_BOOL_CONVERSION = YES;
				CLANG_WARN_COMMA = YES;
				CLANG_WARN_CONSTANT_CONVERSION = YES;
				CLANG_WARN_DIRECT_OBJC_ISA_USAGE = YES_ERROR;
				CLANG_WARN_DOCUMENTATION_COMMENTS = YES;
				CLANG_WARN_EMPTY_BODY = YES;
				CLANG_WARN_ENUM_CONVERSION = YES;
				CLANG_WARN_INFINITE_RECURSION = YES;
				CLANG_WARN_INT_CONVERSION = YES;
				CLANG_WARN_NON_LITERAL_NULL_CONVERSION = YES;
				CLANG_WARN_OBJC_LITERAL_CONVERSION = YES;
				CLANG_WARN_OBJC_ROOT_CLASS = YES_ERROR;
				CLANG_WARN_RANGE_LOOP_ANALYSIS = YES;
				CLANG_WARN_STRICT_PROTOTYPES = YES;
				CLANG_WARN_SUSPICIOUS_MOVE = YES;
				CLANG_WARN_UNGUARDED_AVAILABILITY = YES_AGGRESSIVE;
				CLANG_WARN_UNREACHABLE_CODE = YES;
				CLANG_WARN__DUPLICATE_METHOD_MATCH = YES;
				CODE_SIGN_IDENTITY = "iPhone Developer";
				COPY_PHASE_STRIP = NO;
				DEBUG_INFORMATION_FORMAT = "dwarf-with-dsym";
				ENABLE_NS_ASSERTIONS = NO;
				ENABLE_STRICT_OBJC_MSGSEND = YES;
				GCC_C_LANGUAGE_STANDARD = gnu11;
				GCC_NO_COMMON_BLOCKS = YES;
				GCC_WARN_64_TO_32_BIT_CONVERSION = YES;
				GCC_WARN_ABOUT_RETURN_TYPE = YES_ERROR;
				GCC_WARN_UNDECLARED_SELECTOR = YES;
				GCC_WARN_UNINITIALIZED_AUTOS = YES_AGGRESSIVE;
				GCC_WARN_UNUSED_FUNCTION = YES;
				GCC_WARN_UNUSED_VARIABLE = YES;
				IPHONEOS_DEPLOYMENT_TARGET = 11.1;
				MTL_ENABLE_DEBUG_INFO = NO;
				SDKROOT = iphoneos;
				SWIFT_OPTIMIZATION_LEVEL = "-Owholemodule";
				VALIDATE_PRODUCT = YES;
			};
			name = Release;
		};
		8A236B872034B82F00336BFD /* Debug */ = {
			isa = XCBuildConfiguration;
			baseConfigurationReference = 485780EA4A4189518EFC0132 /* Pods-Token1.1.debug.xcconfig */;
			buildSettings = {
				ASSETCATALOG_COMPILER_APPICON_NAME = AppIcon;
				CODE_SIGN_STYLE = Automatic;
				INFOPLIST_FILE = Token1.1/Info.plist;
				LD_RUNPATH_SEARCH_PATHS = "$(inherited) @executable_path/Frameworks";
				PRODUCT_BUNDLE_IDENTIFIER = "s.Token1-1";
				PRODUCT_NAME = "$(TARGET_NAME)";
				SWIFT_VERSION = 4.0;
				TARGETED_DEVICE_FAMILY = "1,2";
			};
			name = Debug;
		};
		8A236B882034B82F00336BFD /* Release */ = {
			isa = XCBuildConfiguration;
			baseConfigurationReference = FF1AC8C7A8EC7D2B743ACFF8 /* Pods-Token1.1.release.xcconfig */;
			buildSettings = {
				ASSETCATALOG_COMPILER_APPICON_NAME = AppIcon;
				CODE_SIGN_STYLE = Automatic;
				INFOPLIST_FILE = Token1.1/Info.plist;
				LD_RUNPATH_SEARCH_PATHS = "$(inherited) @executable_path/Frameworks";
				PRODUCT_BUNDLE_IDENTIFIER = "s.Token1-1";
				PRODUCT_NAME = "$(TARGET_NAME)";
				SWIFT_VERSION = 4.0;
				TARGETED_DEVICE_FAMILY = "1,2";
			};
			name = Release;
		};
		8A236B8A2034B82F00336BFD /* Debug */ = {
			isa = XCBuildConfiguration;
			buildSettings = {
				ALWAYS_EMBED_SWIFT_STANDARD_LIBRARIES = YES;
				BUNDLE_LOADER = "$(TEST_HOST)";
				CODE_SIGN_STYLE = Automatic;
				INFOPLIST_FILE = Token1.1Tests/Info.plist;
				LD_RUNPATH_SEARCH_PATHS = "$(inherited) @executable_path/Frameworks @loader_path/Frameworks";
				PRODUCT_BUNDLE_IDENTIFIER = "s.Token1-1Tests";
				PRODUCT_NAME = "$(TARGET_NAME)";
				SWIFT_VERSION = 4.0;
				TARGETED_DEVICE_FAMILY = "1,2";
				TEST_HOST = "$(BUILT_PRODUCTS_DIR)/Token1.1.app/Token1.1";
			};
			name = Debug;
		};
		8A236B8B2034B82F00336BFD /* Release */ = {
			isa = XCBuildConfiguration;
			buildSettings = {
				ALWAYS_EMBED_SWIFT_STANDARD_LIBRARIES = YES;
				BUNDLE_LOADER = "$(TEST_HOST)";
				CODE_SIGN_STYLE = Automatic;
				INFOPLIST_FILE = Token1.1Tests/Info.plist;
				LD_RUNPATH_SEARCH_PATHS = "$(inherited) @executable_path/Frameworks @loader_path/Frameworks";
				PRODUCT_BUNDLE_IDENTIFIER = "s.Token1-1Tests";
				PRODUCT_NAME = "$(TARGET_NAME)";
				SWIFT_VERSION = 4.0;
				TARGETED_DEVICE_FAMILY = "1,2";
				TEST_HOST = "$(BUILT_PRODUCTS_DIR)/Token1.1.app/Token1.1";
			};
			name = Release;
		};
		8A236B8D2034B82F00336BFD /* Debug */ = {
			isa = XCBuildConfiguration;
			buildSettings = {
				ALWAYS_EMBED_SWIFT_STANDARD_LIBRARIES = YES;
				CODE_SIGN_STYLE = Automatic;
				INFOPLIST_FILE = Token1.1UITests/Info.plist;
				LD_RUNPATH_SEARCH_PATHS = "$(inherited) @executable_path/Frameworks @loader_path/Frameworks";
				PRODUCT_BUNDLE_IDENTIFIER = "s.Token1-1UITests";
				PRODUCT_NAME = "$(TARGET_NAME)";
				SWIFT_VERSION = 4.0;
				TARGETED_DEVICE_FAMILY = "1,2";
				TEST_TARGET_NAME = Token1.1;
			};
			name = Debug;
		};
		8A236B8E2034B82F00336BFD /* Release */ = {
			isa = XCBuildConfiguration;
			buildSettings = {
				ALWAYS_EMBED_SWIFT_STANDARD_LIBRARIES = YES;
				CODE_SIGN_STYLE = Automatic;
				INFOPLIST_FILE = Token1.1UITests/Info.plist;
				LD_RUNPATH_SEARCH_PATHS = "$(inherited) @executable_path/Frameworks @loader_path/Frameworks";
				PRODUCT_BUNDLE_IDENTIFIER = "s.Token1-1UITests";
				PRODUCT_NAME = "$(TARGET_NAME)";
				SWIFT_VERSION = 4.0;
				TARGETED_DEVICE_FAMILY = "1,2";
				TEST_TARGET_NAME = Token1.1;
			};
			name = Release;
		};
/* End XCBuildConfiguration section */

/* Begin XCConfigurationList section */
		8A236B592034B82F00336BFD /* Build configuration list for PBXProject "Token1.1" */ = {
			isa = XCConfigurationList;
			buildConfigurations = (
				8A236B842034B82F00336BFD /* Debug */,
				8A236B852034B82F00336BFD /* Release */,
			);
			defaultConfigurationIsVisible = 0;
			defaultConfigurationName = Release;
		};
		8A236B862034B82F00336BFD /* Build configuration list for PBXNativeTarget "Token1.1" */ = {
			isa = XCConfigurationList;
			buildConfigurations = (
				8A236B872034B82F00336BFD /* Debug */,
				8A236B882034B82F00336BFD /* Release */,
			);
			defaultConfigurationIsVisible = 0;
			defaultConfigurationName = Release;
		};
		8A236B892034B82F00336BFD /* Build configuration list for PBXNativeTarget "Token1.1Tests" */ = {
			isa = XCConfigurationList;
			buildConfigurations = (
				8A236B8A2034B82F00336BFD /* Debug */,
				8A236B8B2034B82F00336BFD /* Release */,
			);
			defaultConfigurationIsVisible = 0;
			defaultConfigurationName = Release;
		};
		8A236B8C2034B82F00336BFD /* Build configuration list for PBXNativeTarget "Token1.1UITests" */ = {
			isa = XCConfigurationList;
			buildConfigurations = (
				8A236B8D2034B82F00336BFD /* Debug */,
				8A236B8E2034B82F00336BFD /* Release */,
			);
			defaultConfigurationIsVisible = 0;
			defaultConfigurationName = Release;
		};
/* End XCConfigurationList section */
	};
	rootObject = 8A236B562034B82F00336BFD /* Project object */;
}
